<?xml version="1.0" encoding="utf-8"?>
<Project ToolsVersion="4.0" xmlns="http://schemas.microsoft.com/developer/msbuild/2003">
  <ItemGroup>
    <Filter Include="Source Files">
      <UniqueIdentifier>{4FC737F1-C7A5-4376-A066-2A32D752A2FF}</UniqueIdentifier>
      <Extensions>cpp;c;cc;cxx;def;odl;idl;hpj;bat;asm;asmx</Extensions>
    </Filter>
    <Filter Include="Header Files">
      <UniqueIdentifier>{93995380-89BD-4b04-88EB-625FBE52EBFB}</UniqueIdentifier>
      <Extensions>h;hh;hpp;hxx;hm;inl;inc;xsd</Extensions>
    </Filter>
    <Filter Include="Resource Files">
      <UniqueIdentifier>{67DA6AB6-F800-4c08-8B7A-83BB121AAD01}</UniqueIdentifier>
      <Extensions>rc;ico;cur;bmp;dlg;rc2;rct;bin;rgs;gif;jpg;jpeg;jpe;resx;tiff;tif;png;wav;mfcribbon-ms</Extensions>
    </Filter>
    <Filter Include="TinyXml2">
      <UniqueIdentifier>{d9b7af8e-a07a-4b83-8c23-36a8870389ca}</UniqueIdentifier>
    </Filter>
    <Filter Include="SQL">
      <UniqueIdentifier>{aad3c84a-7f4c-485e-a06f-158212b037c6}</UniqueIdentifier>
    </Filter>
  </ItemGroup>
  <ItemGroup>
    <ClCompile Include="main.cpp">
      <Filter>Source Files</Filter>
    </ClCompile>
    <ClCompile Include="SipMsgBody.cpp">
      <Filter>Source Files</Filter>
    </ClCompile>
    <ClCompile Include="SipMsgXmlBody.cpp">
      <Filter>Source Files</Filter>
    </ClCompile>
    <ClCompile Include="SipMsgSdpBody.cpp">
      <Filter>Source Files</Filter>
    </ClCompile>
    <ClCompile Include="SipMsgRtspBody.cpp">
      <Filter>Source Files</Filter>
    </ClCompile>
    <ClCompile Include="SipMsgHeader.cpp">
      <Filter>Source Files</Filter>
    </ClCompile>
    <ClCompile Include="SipMsgObj.cpp">
      <Filter>Source Files</Filter>
    </ClCompile>
    <ClCompile Include="SipUtilities.cpp">
      <Filter>Source Files</Filter>
    </ClCompile>
    <ClCompile Include="SipLog.cpp">
      <Filter>Source Files</Filter>
    </ClCompile>
    <ClCompile Include="SipServer.cpp">
      <Filter>Source Files</Filter>
    </ClCompile>
    <ClCompile Include="SipCallback.cpp">
      <Filter>Source Files</Filter>
    </ClCompile>
    <ClCompile Include="SipDatabase.cpp">
      <Filter>Source Files</Filter>
    </ClCompile>
    <ClCompile Include="SipDialogs.cpp">
      <Filter>Source Files</Filter>
    </ClCompile>
    <ClCompile Include="SipHttpsServer.cpp">
      <Filter>Source Files</Filter>
    </ClCompile>
    <ClCompile Include="AppContext.cpp">
      <Filter>Source Files</Filter>
    </ClCompile>
    <ClCompile Include="SipCredentials.cpp">
      <Filter>Source Files</Filter>
    </ClCompile>
    <ClCompile Include="SipSocketServer.cpp">
      <Filter>Source Files</Filter>
    </ClCompile>
    <ClCompile Include="tinyxml2.cpp">
      <Filter>TinyXml2</Filter>
    </ClCompile>
  </ItemGroup>
  <ItemGroup>
    <ClInclude Include="SipMsgBody.h">
      <Filter>Header Files</Filter>
    </ClInclude>
    <ClInclude Include="SipMsgXmlBody.h">
      <Filter>Header Files</Filter>
    </ClInclude>
    <ClInclude Include="SipMsgSdpBody.h">
      <Filter>Header Files</Filter>
    </ClInclude>
    <ClInclude Include="SipMsgRtspBody.h">
      <Filter>Header Files</Filter>
    </ClInclude>
    <ClInclude Include="SipMsgHeader.h">
      <Filter>Header Files</Filter>
    </ClInclude>
    <ClInclude Include="SipMsgObj.h">
      <Filter>Header Files</Filter>
    </ClInclude>
    <ClInclude Include="SipUtilities.h">
      <Filter>Header Files</Filter>
    </ClInclude>
    <ClInclude Include="SipLog.h">
      <Filter>Header Files</Filter>
    </ClInclude>
    <ClInclude Include="SipServer.h">
      <Filter>Header Files</Filter>
    </ClInclude>
    <ClInclude Include="SipCallback.h">
      <Filter>Header Files</Filter>
    </ClInclude>
    <ClInclude Include="SipDatabase.h">
      <Filter>Header Files</Filter>
    </ClInclude>
    <ClInclude Include="SipDialogs.h">
      <Filter>Header Files</Filter>
    </ClInclude>
    <ClInclude Include="SipHttpsServer.h">
      <Filter>Header Files</Filter>
    </ClInclude>
    <ClInclude Include="SipDefine.h">
      <Filter>Header Files</Filter>
    </ClInclude>
    <ClInclude Include="AppContext.h">
      <Filter>Header Files</Filter>
    </ClInclude>
    <ClInclude Include="SipCredentials.h">
      <Filter>Header Files</Filter>
    </ClInclude>
    <ClInclude Include="resource.h">
      <Filter>Header Files</Filter>
    </ClInclude>
    <ClInclude Include="SipSocketServer.h">
      <Filter>Header Files</Filter>
    </ClInclude>
    <ClInclude Include="tinyxml2.h">
      <Filter>TinyXml2</Filter>
    </ClInclude>
    <ClInclude Include="otlv4.h">
      <Filter>SQL</Filter>
    </ClInclude>
  </ItemGroup>
  <ItemGroup>
    <ResourceCompile Include="GB_SipServer.rc">
      <Filter>Resource Files</Filter>
    </ResourceCompile>
  </ItemGroup>
</Project>